// !$*UTF8*$!
{
	archiveVersion = 1;
	classes = {
	};
	objectVersion = 46;
	objects = {

/* Begin PBXBuildFile section */
		4242B1BF1B1CFCA0002E1695 /* sign.png in Resources */ = {isa = PBXBuildFile; fileRef = 4242B1BE1B1CFCA0002E1695 /* sign.png */; };
		428445AC1B1A6FEA0050CE6E /* AppDelegate.swift in Sources */ = {isa = PBXBuildFile; fileRef = 428445AB1B1A6FEA0050CE6E /* AppDelegate.swift */; };
		428445AE1B1A6FEA0050CE6E /* RoomsViewController.swift in Sources */ = {isa = PBXBuildFile; fileRef = 428445AD1B1A6FEA0050CE6E /* RoomsViewController.swift */; };
		428445B11B1A6FEA0050CE6E /* Main.storyboard in Resources */ = {isa = PBXBuildFile; fileRef = 428445AF1B1A6FEA0050CE6E /* Main.storyboard */; };
		428445B31B1A6FEA0050CE6E /* Images.xcassets in Resources */ = {isa = PBXBuildFile; fileRef = 428445B21B1A6FEA0050CE6E /* Images.xcassets */; };
		428445B61B1A6FEA0050CE6E /* LaunchScreen.xib in Resources */ = {isa = PBXBuildFile; fileRef = 428445B41B1A6FEA0050CE6E /* LaunchScreen.xib */; };
		428445C21B1A6FEA0050CE6E /* DT_SlidingPanelsTests.swift in Sources */ = {isa = PBXBuildFile; fileRef = 428445C11B1A6FEA0050CE6E /* DT_SlidingPanelsTests.swift */; };
		428445CC1B1BB3CB0050CE6E /* DetailViewController.swift in Sources */ = {isa = PBXBuildFile; fileRef = 428445CB1B1BB3CB0050CE6E /* DetailViewController.swift */; };
		428445CE1B1BB3DC0050CE6E /* DetailView.swift in Sources */ = {isa = PBXBuildFile; fileRef = 428445CD1B1BB3DC0050CE6E /* DetailView.swift */; };
		428445D01B1C8D980050CE6E /* old-car.jpg in Resources */ = {isa = PBXBuildFile; fileRef = 428445CF1B1C8D980050CE6E /* old-car.jpg */; };
/* End PBXBuildFile section */

/* Begin PBXContainerItemProxy section */
		428445BC1B1A6FEA0050CE6E /* PBXContainerItemProxy */ = {
			isa = PBXContainerItemProxy;
			containerPortal = 4284459E1B1A6FEA0050CE6E /* Project object */;
			proxyType = 1;
			remoteGlobalIDString = 428445A51B1A6FEA0050CE6E;
			remoteInfo = "DT SlidingPanels";
		};
/* End PBXContainerItemProxy section */

/* Begin PBXFileReference section */
		4242B1BE1B1CFCA0002E1695 /* sign.png */ = {isa = PBXFileReference; lastKnownFileType = image.png; path = sign.png; sourceTree = "<group>"; };
		428445A61B1A6FEA0050CE6E /* DT SlidingPanels.app */ = {isa = PBXFileReference; explicitFileType = wrapper.application; includeInIndex = 0; path = "DT SlidingPanels.app"; sourceTree = BUILT_PRODUCTS_DIR; };
		428445AA1B1A6FEA0050CE6E /* Info.plist */ = {isa = PBXFileReference; lastKnownFileType = text.plist.xml; path = Info.plist; sourceTree = "<group>"; };
		428445AB1B1A6FEA0050CE6E /* AppDelegate.swift */ = {isa = PBXFileReference; lastKnownFileType = sourcecode.swift; path = AppDelegate.swift; sourceTree = "<group>"; };
		428445AD1B1A6FEA0050CE6E /* RoomsViewController.swift */ = {isa = PBXFileReference; lastKnownFileType = sourcecode.swift; path = RoomsViewController.swift; sourceTree = "<group>"; };
		428445B01B1A6FEA0050CE6E /* Base */ = {isa = PBXFileReference; lastKnownFileType = file.storyboard; name = Base; path = Base.lproj/Main.storyboard; sourceTree = "<group>"; };
		428445B21B1A6FEA0050CE6E /* Images.xcassets */ = {isa = PBXFileReference; lastKnownFileType = folder.assetcatalog; path = Images.xcassets; sourceTree = "<group>"; };
		428445B51B1A6FEA0050CE6E /* Base */ = {isa = PBXFileReference; lastKnownFileType = file.xib; name = Base; path = Base.lproj/LaunchScreen.xib; sourceTree = "<group>"; };
		428445BB1B1A6FEA0050CE6E /* DT SlidingPanelsTests.xctest */ = {isa = PBXFileReference; explicitFileType = wrapper.cfbundle; includeInIndex = 0; path = "DT SlidingPanelsTests.xctest"; sourceTree = BUILT_PRODUCTS_DIR; };
		428445C01B1A6FEA0050CE6E /* Info.plist */ = {isa = PBXFileReference; lastKnownFileType = text.plist.xml; path = Info.plist; sourceTree = "<group>"; };
		428445C11B1A6FEA0050CE6E /* DT_SlidingPanelsTests.swift */ = {isa = PBXFileReference; lastKnownFileType = sourcecode.swift; path = DT_SlidingPanelsTests.swift; sourceTree = "<group>"; };
		428445CB1B1BB3CB0050CE6E /* DetailViewController.swift */ = {isa = PBXFileReference; fileEncoding = 4; lastKnownFileType = sourcecode.swift; path = DetailViewController.swift; sourceTree = "<group>"; };
		428445CD1B1BB3DC0050CE6E /* DetailView.swift */ = {isa = PBXFileReference; fileEncoding = 4; lastKnownFileType = sourcecode.swift; path = DetailView.swift; sourceTree = "<group>"; };
		428445CF1B1C8D980050CE6E /* old-car.jpg */ = {isa = PBXFileReference; lastKnownFileType = image.jpeg; path = "old-car.jpg"; sourceTree = "<group>"; };
/* End PBXFileReference section */

/* Begin PBXFrameworksBuildPhase section */
		428445A31B1A6FEA0050CE6E /* Frameworks */ = {
			isa = PBXFrameworksBuildPhase;
			buildActionMask = 2147483647;
			files = (
			);
			runOnlyForDeploymentPostprocessing = 0;
		};
		428445B81B1A6FEA0050CE6E /* Frameworks */ = {
			isa = PBXFrameworksBuildPhase;
			buildActionMask = 2147483647;
			files = (
			);
			runOnlyForDeploymentPostprocessing = 0;
		};
/* End PBXFrameworksBuildPhase section */

/* Begin PBXGroup section */
		4284459D1B1A6FEA0050CE6E = {
			isa = PBXGroup;
			children = (
				428445A81B1A6FEA0050CE6E /* DT SlidingPanels */,
				428445BE1B1A6FEA0050CE6E /* DT SlidingPanelsTests */,
				428445A71B1A6FEA0050CE6E /* Products */,
			);
			sourceTree = "<group>";
		};
		428445A71B1A6FEA0050CE6E /* Products */ = {
			isa = PBXGroup;
			children = (
				428445A61B1A6FEA0050CE6E /* DT SlidingPanels.app */,
				428445BB1B1A6FEA0050CE6E /* DT SlidingPanelsTests.xctest */,
			);
			name = Products;
			sourceTree = "<group>";
		};
		428445A81B1A6FEA0050CE6E /* DT SlidingPanels */ = {
			isa = PBXGroup;
			children = (
				428445CB1B1BB3CB0050CE6E /* DetailViewController.swift */,
				428445CD1B1BB3DC0050CE6E /* DetailView.swift */,
				428445AB1B1A6FEA0050CE6E /* AppDelegate.swift */,
				428445AD1B1A6FEA0050CE6E /* RoomsViewController.swift */,
				428445AF1B1A6FEA0050CE6E /* Main.storyboard */,
				428445B21B1A6FEA0050CE6E /* Images.xcassets */,
				428445B41B1A6FEA0050CE6E /* LaunchScreen.xib */,
				428445A91B1A6FEA0050CE6E /* Supporting Files */,
			);
			path = "DT SlidingPanels";
			sourceTree = "<group>";
		};
		428445A91B1A6FEA0050CE6E /* Supporting Files */ = {
			isa = PBXGroup;
			children = (
				4242B1BE1B1CFCA0002E1695 /* sign.png */,
				428445CF1B1C8D980050CE6E /* old-car.jpg */,
				428445AA1B1A6FEA0050CE6E /* Info.plist */,
			);
			name = "Supporting Files";
			sourceTree = "<group>";
		};
		428445BE1B1A6FEA0050CE6E /* DT SlidingPanelsTests */ = {
			isa = PBXGroup;
			children = (
				428445C11B1A6FEA0050CE6E /* DT_SlidingPanelsTests.swift */,
				428445BF1B1A6FEA0050CE6E /* Supporting Files */,
			);
			path = "DT SlidingPanelsTests";
			sourceTree = "<group>";
		};
		428445BF1B1A6FEA0050CE6E /* Supporting Files */ = {
			isa = PBXGroup;
			children = (
				428445C01B1A6FEA0050CE6E /* Info.plist */,
			);
			name = "Supporting Files";
			sourceTree = "<group>";
		};
/* End PBXGroup section */

/* Begin PBXNativeTarget section */
		428445A51B1A6FEA0050CE6E /* DT SlidingPanels */ = {
			isa = PBXNativeTarget;
			buildConfigurationList = 428445C51B1A6FEA0050CE6E /* Build configuration list for PBXNativeTarget "DT SlidingPanels" */;
			buildPhases = (
				428445A21B1A6FEA0050CE6E /* Sources */,
				428445A31B1A6FEA0050CE6E /* Frameworks */,
				428445A41B1A6FEA0050CE6E /* Resources */,
			);
			buildRules = (
			);
			dependencies = (
			);
			name = "DT SlidingPanels";
			productName = "DT SlidingPanels";
			productReference = 428445A61B1A6FEA0050CE6E /* DT SlidingPanels.app */;
			productType = "com.apple.product-type.application";
		};
		428445BA1B1A6FEA0050CE6E /* DT SlidingPanelsTests */ = {
			isa = PBXNativeTarget;
			buildConfigurationList = 428445C81B1A6FEA0050CE6E /* Build configuration list for PBXNativeTarget "DT SlidingPanelsTests" */;
			buildPhases = (
				428445B71B1A6FEA0050CE6E /* Sources */,
				428445B81B1A6FEA0050CE6E /* Frameworks */,
				428445B91B1A6FEA0050CE6E /* Resources */,
			);
			buildRules = (
			);
			dependencies = (
				428445BD1B1A6FEA0050CE6E /* PBXTargetDependency */,
			);
			name = "DT SlidingPanelsTests";
			productName = "DT SlidingPanelsTests";
			productReference = 428445BB1B1A6FEA0050CE6E /* DT SlidingPanelsTests.xctest */;
			productType = "com.apple.product-type.bundle.unit-test";
		};
/* End PBXNativeTarget section */

/* Begin PBXProject section */
		4284459E1B1A6FEA0050CE6E /* Project object */ = {
			isa = PBXProject;
			attributes = {
				LastUpgradeCheck = 0630;
				ORGANIZATIONNAME = "Next Riot";
				TargetAttributes = {
					428445A51B1A6FEA0050CE6E = {
						CreatedOnToolsVersion = 6.3.1;
					};
					428445BA1B1A6FEA0050CE6E = {
						CreatedOnToolsVersion = 6.3.1;
						TestTargetID = 428445A51B1A6FEA0050CE6E;
					};
				};
			};
			buildConfigurationList = 428445A11B1A6FEA0050CE6E /* Build configuration list for PBXProject "DT SlidingPanels" */;
			compatibilityVersion = "Xcode 3.2";
			developmentRegion = English;
			hasScannedForEncodings = 0;
			knownRegions = (
				en,
				Base,
			);
			mainGroup = 4284459D1B1A6FEA0050CE6E;
			productRefGroup = 428445A71B1A6FEA0050CE6E /* Products */;
			projectDirPath = "";
			projectRoot = "";
			targets = (
				428445A51B1A6FEA0050CE6E /* DT SlidingPanels */,
				428445BA1B1A6FEA0050CE6E /* DT SlidingPanelsTests */,
			);
		};
/* End PBXProject section */

/* Begin PBXResourcesBuildPhase section */
		428445A41B1A6FEA0050CE6E /* Resources */ = {
			isa = PBXResourcesBuildPhase;
			buildActionMask = 2147483647;
			files = (
				428445D01B1C8D980050CE6E /* old-car.jpg in Resources */,
				428445B11B1A6FEA0050CE6E /* Main.storyboard in Resources */,
				428445B61B1A6FEA0050CE6E /* LaunchScreen.xib in Resources */,
				4242B1BF1B1CFCA0002E1695 /* sign.png in Resources */,
				428445B31B1A6FEA0050CE6E /* Images.xcassets in Resources */,
			);
			runOnlyForDeploymentPostprocessing = 0;
		};
		428445B91B1A6FEA0050CE6E /* Resources */ = {
			isa = PBXResourcesBuildPhase;
			buildActionMask = 2147483647;
			files = (
			);
			runOnlyForDeploymentPostprocessing = 0;
		};
/* End PBXResourcesBuildPhase section */

/* Begin PBXSourcesBuildPhase section */
		428445A21B1A6FEA0050CE6E /* Sources */ = {
			isa = PBXSourcesBuildPhase;
			buildActionMask = 2147483647;
			files = (
				428445CC1B1BB3CB0050CE6E /* DetailViewController.swift in Sources */,
				428445CE1B1BB3DC0050CE6E /* DetailView.swift in Sources */,
				428445AE1B1A6FEA0050CE6E /* RoomsViewController.swift in Sources */,
				428445AC1B1A6FEA0050CE6E /* AppDelegate.swift in Sources */,
			);
			runOnlyForDeploymentPostprocessing = 0;
		};
		428445B71B1A6FEA0050CE6E /* Sources */ = {
			isa = PBXSourcesBuildPhase;
			buildActionMask = 2147483647;
			files = (
				428445C21B1A6FEA0050CE6E /* DT_SlidingPanelsTests.swift in Sources */,
			);
			runOnlyForDeploymentPostprocessing = 0;
		};
/* End PBXSourcesBuildPhase section */

/* Begin PBXTargetDependency section */
		428445BD1B1A6FEA0050CE6E /* PBXTargetDependency */ = {
			isa = PBXTargetDependency;
			target = 428445A51B1A6FEA0050CE6E /* DT SlidingPanels */;
			targetProxy = 428445BC1B1A6FEA0050CE6E /* PBXContainerItemProxy */;
		};
/* End PBXTargetDependency section */

/* Begin PBXVariantGroup section */
		428445AF1B1A6FEA0050CE6E /* Main.storyboard */ = {
			isa = PBXVariantGroup;
			children = (
				428445B01B1A6FEA0050CE6E /* Base */,
			);
			name = Main.storyboard;
			sourceTree = "<group>";
		};
		428445B41B1A6FEA0050CE6E /* LaunchScreen.xib */ = {
			isa = PBXVariantGroup;
			children = (
				428445B51B1A6FEA0050CE6E /* Base */,
			);
			name = LaunchScreen.xib;
			sourceTree = "<group>";
		};
/* End PBXVariantGroup section */

/* Begin XCBuildConfiguration section */
		428445C31B1A6FEA0050CE6E /* Debug */ = {
			isa = XCBuildConfiguration;
			buildSettings = {
				ALWAYS_SEARCH_USER_PATHS = NO;
				CLANG_CXX_LANGUAGE_STANDARD = "gnu++0x";
				CLANG_CXX_LIBRARY = "libc++";
				CLANG_ENABLE_MODULES = YES;
				CLANG_ENABLE_OBJC_ARC = YES;
				CLANG_WARN_BOOL_CONVERSION = YES;
				CLANG_WARN_CONSTANT_CONVERSION = YES;
				CLANG_WARN_DIRECT_OBJC_ISA_USAGE = YES_ERROR;
				CLANG_WARN_EMPTY_BODY = YES;
				CLANG_WARN_ENUM_CONVERSION = YES;
				CLANG_WARN_INT_CONVERSION = YES;
				CLANG_WARN_OBJC_ROOT_CLASS = YES_ERROR;
				CLANG_WARN_UNREACHABLE_CODE = YES;
				CLANG_WARN__DUPLICATE_METHOD_MATCH = YES;
				"CODE_SIGN_IDENTITY[sdk=iphoneos*]" = "iPhone Developer";
				COPY_PHASE_STRIP = NO;
				DEBUG_INFORMATION_FORMAT = "dwarf-with-dsym";
				ENABLE_STRICT_OBJC_MSGSEND = YES;
				GCC_C_LANGUAGE_STANDARD = gnu99;
				GCC_DYNAMIC_NO_PIC = NO;
				GCC_NO_COMMON_BLOCKS = YES;
				GCC_OPTIMIZATION_LEVEL = 0;
				GCC_PREPROCESSOR_DEFINITIONS = (
					"DEBUG=1",
					"$(inherited)",
				);
				GCC_SYMBOLS_PRIVATE_EXTERN = NO;
				GCC_WARN_64_TO_32_BIT_CONVERSION = YES;
				GCC_WARN_ABOUT_RETURN_TYPE = YES_ERROR;
				GCC_WARN_UNDECLARED_SELECTOR = YES;
				GCC_WARN_UNINITIALIZED_AUTOS = YES_AGGRESSIVE;
				GCC_WARN_UNUSED_FUNCTION = YES;
				GCC_WARN_UNUSED_VARIABLE = YES;
				IPHONEOS_DEPLOYMENT_TARGET = 8.3;
				MTL_ENABLE_DEBUG_INFO = YES;
				ONLY_ACTIVE_ARCH = YES;
				SDKROOT = iphoneos;
				SWIFT_OPTIMIZATION_LEVEL = "-Onone";
			};
			name = Debug;
		};
		428445C41B1A6FEA0050CE6E /* Release */ = {
			isa = XCBuildConfiguration;
			buildSettings = {
				ALWAYS_SEARCH_USER_PATHS = NO;
				CLANG_CXX_LANGUAGE_STANDARD = "gnu++0x";
				CLANG_CXX_LIBRARY = "libc++";
				CLANG_ENABLE_MODULES = YES;
				CLANG_ENABLE_OBJC_ARC = YES;
				CLANG_WARN_BOOL_CONVERSION = YES;
				CLANG_WARN_CONSTANT_CONVERSION = YES;
				CLANG_WARN_DIRECT_OBJC_ISA_USAGE = YES_ERROR;
				CLANG_WARN_EMPTY_BODY = YES;
				CLANG_WARN_ENUM_CONVERSION = YES;
				CLANG_WARN_INT_CONVERSION = YES;
				CLANG_WARN_OBJC_ROOT_CLASS = YES_ERROR;
				CLANG_WARN_UNREACHABLE_CODE = YES;
				CLANG_WARN__DUPLICATE_METHOD_MATCH = YES;
				"CODE_SIGN_IDENTITY[sdk=iphoneos*]" = "iPhone Developer";
				COPY_PHASE_STRIP = NO;
				DEBUG_INFORMATION_FORMAT = "dwarf-with-dsym";
				ENABLE_NS_ASSERTIONS = NO;
				ENABLE_STRICT_OBJC_MSGSEND = YES;
				GCC_C_LANGUAGE_STANDARD = gnu99;
				GCC_NO_COMMON_BLOCKS = YES;
				GCC_WARN_64_TO_32_BIT_CONVERSION = YES;
				GCC_WARN_ABOUT_RETURN_TYPE = YES_ERROR;
				GCC_WARN_UNDECLARED_SELECTOR = YES;
				GCC_WARN_UNINITIALIZED_AUTOS = YES_AGGRESSIVE;
				GCC_WARN_UNUSED_FUNCTION = YES;
				GCC_WARN_UNUSED_VARIABLE = YES;
				IPHONEOS_DEPLOYMENT_TARGET = 8.3;
				MTL_ENABLE_DEBUG_INFO = NO;
				SDKROOT = iphoneos;
				VALIDATE_PRODUCT = YES;
			};
			name = Release;
		};
		428445C61B1A6FEA0050CE6E /* Debug */ = {
			isa = XCBuildConfiguration;
			buildSettings = {
				ASSETCATALOG_COMPILER_APPICON_NAME = AppIcon;
				INFOPLIST_FILE = "DT SlidingPanels/Info.plist";
				LD_RUNPATH_SEARCH_PATHS = "$(inherited) @executable_path/Frameworks";
				PRODUCT_NAME = "$(TARGET_NAME)";
			};
			name = Debug;
		};
		428445C71B1A6FEA0050CE6E /* Release */ = {
			isa = XCBuildConfiguration;
			buildSettings = {
				ASSETCATALOG_COMPILER_APPICON_NAME = AppIcon;
				INFOPLIST_FILE = "DT SlidingPanels/Info.plist";
				LD_RUNPATH_SEARCH_PATHS = "$(inherited) @executable_path/Frameworks";
				PRODUCT_NAME = "$(TARGET_NAME)";
			};
			name = Release;
		};
		428445C91B1A6FEA0050CE6E /* Debug */ = {
			isa = XCBuildConfiguration;
			buildSettings = {
				BUNDLE_LOADER = "$(TEST_HOST)";
				FRAMEWORK_SEARCH_PATHS = (
					"$(SDKROOT)/Developer/Library/Frameworks",
					"$(inherited)",
				);
				GCC_PREPROCESSOR_DEFINITIONS = (
					"DEBUG=1",
					"$(inherited)",
				);
				INFOPLIST_FILE = "DT SlidingPanelsTests/Info.plist";
				LD_RUNPATH_SEARCH_PATHS = "$(inherited) @executable_path/Frameworks @loader_path/Frameworks";
				PRODUCT_NAME = "$(TARGET_NAME)";
				TEST_HOST = "$(BUILT_PRODUCTS_DIR)/DT SlidingPanels.app/DT SlidingPanels";
			};
			name = Debug;
		};
		428445CA1B1A6FEA0050CE6E /* Release */ = {
			isa = XCBuildConfiguration;
			buildSettings = {
				BUNDLE_LOADER = "$(TEST_HOST)";
				FRAMEWORK_SEARCH_PATHS = (
					"$(SDKROOT)/Developer/Library/Frameworks",
					"$(inherited)",
				);
				INFOPLIST_FILE = "DT SlidingPanelsTests/Info.plist";
				LD_RUNPATH_SEARCH_PATHS = "$(inherited) @executable_path/Frameworks @loader_path/Frameworks";
				PRODUCT_NAME = "$(TARGET_NAME)";
				TEST_HOST = "$(BUILT_PRODUCTS_DIR)/DT SlidingPanels.app/DT SlidingPanels";
			};
			name = Release;
		};
/* End XCBuildConfiguration section */

/* Begin XCConfigurationList section */
		428445A11B1A6FEA0050CE6E /* Build configuration list for PBXProject "DT SlidingPanels" */ = {
			isa = XCConfigurationList;
			buildConfigurations = (
				428445C31B1A6FEA0050CE6E /* Debug */,
				428445C41B1A6FEA0050CE6E /* Release */,
			);
			defaultConfigurationIsVisible = 0;
			defaultConfigurationName = Release;
		};
		428445C51B1A6FEA0050CE6E /* Build configuration list for PBXNativeTarget "DT SlidingPanels" */ = {
			isa = XCConfigurationList;
			buildConfigurations = (
				428445C61B1A6FEA0050CE6E /* Debug */,
				428445C71B1A6FEA0050CE6E /* Release */,
			);
			defaultConfigurationIsVisible = 0;
			defaultConfigurationName = Release;
		};
		428445C81B1A6FEA0050CE6E /* Build configuration list for PBXNativeTarget "DT SlidingPanelsTests" */ = {
			isa = XCConfigurationList;
			buildConfigurations = (
				428445C91B1A6FEA0050CE6E /* Debug */,
				428445CA1B1A6FEA0050CE6E /* Release */,
			);
			defaultConfigurationIsVisible = 0;
			defaultConfigurationName = Release;
		};
/* End XCConfigurationList section */
	};
	rootObject = 4284459E1B1A6FEA0050CE6E /* Project object */;
}
